
Microsoft Visual Studio Solution File, Format Version 12.00
# Visual Studio Version 16
VisualStudioVersion = 16.0.31005.135
MinimumVisualStudioVersion = 10.0.40219.1
Project("{FAE04EC0-301F-11D3-BF4B-00C04F79EFBC}") = "CarRentalApp", "CarRentalApp\CarRentalApp.csproj", "{D86174B1-CDEE-4F5C-B9DD-84E1774BFC59}"
EndProject
Global
	GlobalSection(SolutionConfigurationPlatforms) = preSolution
		Debug|Any CPU = Debug|Any CPU
		Release|Any CPU = Release|Any CPU
	EndGlobalSection
	GlobalSection(ProjectConfigurationPlatforms) = postSolution
		{D86174B1-CDEE-4F5C-B9DD-84E1774BFC59}.Debug|Any CPU.ActiveCfg = Debug|Any CPU
		{D86174B1-CDEE-4F5C-B9DD-84E1774BFC59}.Debug|Any CPU.Build.0 = Debug|Any CPU
		{D86174B1-CDEE-4F5C-B9DD-84E1774BFC59}.Release|Any CPU.ActiveCfg = Release|Any CPU
		{D86174B1-CDEE-4F5C-B9DD-84E1774BFC59}.Release|Any CPU.Build.0 = Release|Any CPU
	EndGlobalSection
	GlobalSection(SolutionProperties) = preSolution
		HideSolutionNode = FALSE
	EndGlobalSection
	GlobalSection(ExtensibilityGlobals) = postSolution
		SolutionGuid = {32F6F05F-02DE-43F3-82E7-C706E89B0B65}
	EndGlobalSection
EndGlobal
